// !$*UTF8*$!
{
	archiveVersion = 1;
	classes = {
	};
	objectVersion = 46;
	objects = {

/* Begin PBXBuildFile section */
		3FFB7F231E2ED01400DF5ACE /* Assets.xcassets in Resources */ = {isa = PBXBuildFile; fileRef = 3FFB7F221E2ED01400DF5ACE /* Assets.xcassets */; };
		3FFB7F261E2ED01400DF5ACE /* LaunchScreen.storyboard in Resources */ = {isa = PBXBuildFile; fileRef = 3FFB7F241E2ED01400DF5ACE /* LaunchScreen.storyboard */; };
		3FFB7F301E2ED0CC00DF5ACE /* AppDelegate.swift in Sources */ = {isa = PBXBuildFile; fileRef = 3FFB7F2D1E2ED0CC00DF5ACE /* AppDelegate.swift */; };
		3FFB7F311E2ED0CC00DF5ACE /* CoolViewCell.swift in Sources */ = {isa = PBXBuildFile; fileRef = 3FFB7F2E1E2ED0CC00DF5ACE /* CoolViewCell.swift */; };
		3FFB7F321E2ED0CC00DF5ACE /* CoolViewController.swift in Sources */ = {isa = PBXBuildFile; fileRef = 3FFB7F2F1E2ED0CC00DF5ACE /* CoolViewController.swift */; };
		3FFB7F341E2ED3F300DF5ACE /* CoolStuff.xib in Resources */ = {isa = PBXBuildFile; fileRef = 3FFB7F331E2ED3F300DF5ACE /* CoolStuff.xib */; };
/* End PBXBuildFile section */

/* Begin PBXFileReference section */
		3FFB7F181E2ED01400DF5ACE /* Coolness2.app */ = {isa = PBXFileReference; explicitFileType = wrapper.application; includeInIndex = 0; path = Coolness2.app; sourceTree = BUILT_PRODUCTS_DIR; };
		3FFB7F221E2ED01400DF5ACE /* Assets.xcassets */ = {isa = PBXFileReference; lastKnownFileType = folder.assetcatalog; path = Assets.xcassets; sourceTree = "<group>"; };
		3FFB7F251E2ED01400DF5ACE /* Base */ = {isa = PBXFileReference; lastKnownFileType = file.storyboard; name = Base; path = Base.lproj/LaunchScreen.storyboard; sourceTree = "<group>"; };
		3FFB7F271E2ED01400DF5ACE /* Info.plist */ = {isa = PBXFileReference; lastKnownFileType = text.plist.xml; path = Info.plist; sourceTree = "<group>"; };
		3FFB7F2D1E2ED0CC00DF5ACE /* AppDelegate.swift */ = {isa = PBXFileReference; fileEncoding = 4; lastKnownFileType = sourcecode.swift; path = AppDelegate.swift; sourceTree = "<group>"; };
		3FFB7F2E1E2ED0CC00DF5ACE /* CoolViewCell.swift */ = {isa = PBXFileReference; fileEncoding = 4; lastKnownFileType = sourcecode.swift; path = CoolViewCell.swift; sourceTree = "<group>"; };
		3FFB7F2F1E2ED0CC00DF5ACE /* CoolViewController.swift */ = {isa = PBXFileReference; fileEncoding = 4; lastKnownFileType = sourcecode.swift; path = CoolViewController.swift; sourceTree = "<group>"; };
		3FFB7F331E2ED3F300DF5ACE /* CoolStuff.xib */ = {isa = PBXFileReference; fileEncoding = 4; lastKnownFileType = file.xib; path = CoolStuff.xib; sourceTree = "<group>"; };
/* End PBXFileReference section */

/* Begin PBXFrameworksBuildPhase section */
		3FFB7F151E2ED01400DF5ACE /* Frameworks */ = {
			isa = PBXFrameworksBuildPhase;
			buildActionMask = 2147483647;
			files = (
			);
			runOnlyForDeploymentPostprocessing = 0;
		};
/* End PBXFrameworksBuildPhase section */

/* Begin PBXGroup section */
		3FFB7F0F1E2ED01400DF5ACE = {
			isa = PBXGroup;
			children = (
				3FFB7F1A1E2ED01400DF5ACE /* Coolness2 */,
				3FFB7F191E2ED01400DF5ACE /* Products */,
			);
			sourceTree = "<group>";
		};
		3FFB7F191E2ED01400DF5ACE /* Products */ = {
			isa = PBXGroup;
			children = (
				3FFB7F181E2ED01400DF5ACE /* Coolness2.app */,
			);
			name = Products;
			sourceTree = "<group>";
		};
		3FFB7F1A1E2ED01400DF5ACE /* Coolness2 */ = {
			isa = PBXGroup;
			children = (
				3FFB7F2D1E2ED0CC00DF5ACE /* AppDelegate.swift */,
				3FFB7F2E1E2ED0CC00DF5ACE /* CoolViewCell.swift */,
				3FFB7F2F1E2ED0CC00DF5ACE /* CoolViewController.swift */,
				3FFB7F331E2ED3F300DF5ACE /* CoolStuff.xib */,
				3FFB7F221E2ED01400DF5ACE /* Assets.xcassets */,
				3FFB7F241E2ED01400DF5ACE /* LaunchScreen.storyboard */,
				3FFB7F271E2ED01400DF5ACE /* Info.plist */,
			);
			path = Coolness2;
			sourceTree = "<group>";
		};
/* End PBXGroup section */

/* Begin PBXNativeTarget section */
		3FFB7F171E2ED01400DF5ACE /* Coolness2 */ = {
			isa = PBXNativeTarget;
			buildConfigurationList = 3FFB7F2A1E2ED01400DF5ACE /* Build configuration list for PBXNativeTarget "Coolness2" */;
			buildPhases = (
				3FFB7F141E2ED01400DF5ACE /* Sources */,
				3FFB7F151E2ED01400DF5ACE /* Frameworks */,
				3FFB7F161E2ED01400DF5ACE /* Resources */,
			);
			buildRules = (
			);
			dependencies = (
			);
			name = Coolness2;
			productName = Coolness2;
			productReference = 3FFB7F181E2ED01400DF5ACE /* Coolness2.app */;
			productType = "com.apple.product-type.application";
		};
/* End PBXNativeTarget section */

/* Begin PBXProject section */
		3FFB7F101E2ED01400DF5ACE /* Project object */ = {
			isa = PBXProject;
			attributes = {
				LastSwiftUpdateCheck = 0820;
				LastUpgradeCheck = 0820;
				ORGANIZATIONNAME = Student;
				TargetAttributes = {
					3FFB7F171E2ED01400DF5ACE = {
						CreatedOnToolsVersion = 8.2.1;
						LastSwiftMigration = 0820;
						ProvisioningStyle = Automatic;
					};
				};
			};
			buildConfigurationList = 3FFB7F131E2ED01400DF5ACE /* Build configuration list for PBXProject "Coolness2" */;
			compatibilityVersion = "Xcode 3.2";
			developmentRegion = English;
			hasScannedForEncodings = 0;
			knownRegions = (
				en,
				Base,
			);
			mainGroup = 3FFB7F0F1E2ED01400DF5ACE;
			productRefGroup = 3FFB7F191E2ED01400DF5ACE /* Products */;
			projectDirPath = "";
			projectRoot = "";
			targets = (
				3FFB7F171E2ED01400DF5ACE /* Coolness2 */,
			);
		};
/* End PBXProject section */

/* Begin PBXResourcesBuildPhase section */
		3FFB7F161E2ED01400DF5ACE /* Resources */ = {
			isa = PBXResourcesBuildPhase;
			buildActionMask = 2147483647;
			files = (
				3FFB7F261E2ED01400DF5ACE /* LaunchScreen.storyboard in Resources */,
				3FFB7F341E2ED3F300DF5ACE /* CoolStuff.xib in Resources */,
				3FFB7F231E2ED01400DF5ACE /* Assets.xcassets in Resources */,
			);
			runOnlyForDeploymentPostprocessing = 0;
		};
/* End PBXResourcesBuildPhase section */

/* Begin PBXSourcesBuildPhase section */
		3FFB7F141E2ED01400DF5ACE /* Sources */ = {
			isa = PBXSourcesBuildPhase;
			buildActionMask = 2147483647;
			files = (
				3FFB7F301E2ED0CC00DF5ACE /* AppDelegate.swift in Sources */,
				3FFB7F311E2ED0CC00DF5ACE /* CoolViewCell.swift in Sources */,
				3FFB7F321E2ED0CC00DF5ACE /* CoolViewController.swift in Sources */,
			);
			runOnlyForDeploymentPostprocessing = 0;
		};
/* End PBXSourcesBuildPhase section */

/* Begin PBXVariantGroup section */
		3FFB7F241E2ED01400DF5ACE /* LaunchScreen.storyboard */ = {
			isa = PBXVariantGroup;
			children = (
				3FFB7F251E2ED01400DF5ACE /* Base */,
			);
			name = LaunchScreen.storyboard;
			sourceTree = "<group>";
		};
/* End PBXVariantGroup section */

/* Begin XCBuildConfiguration section */
		3FFB7F281E2ED01400DF5ACE /* Debug */ = {
			isa = XCBuildConfiguration;
			buildSettings = {
				ALWAYS_SEARCH_USER_PATHS = NO;
				CLANG_ANALYZER_NONNULL = YES;
				CLANG_CXX_LANGUAGE_STANDARD = "gnu++0x";
				CLANG_CXX_LIBRARY = "libc++";
				CLANG_ENABLE_MODULES = YES;
				CLANG_ENABLE_OBJC_ARC = YES;
				CLANG_WARN_BOOL_CONVERSION = YES;
				CLANG_WARN_CONSTANT_CONVERSION = YES;
				CLANG_WARN_DIRECT_OBJC_ISA_USAGE = YES_ERROR;
				CLANG_WARN_DOCUMENTATION_COMMENTS = YES;
				CLANG_WARN_EMPTY_BODY = YES;
				CLANG_WARN_ENUM_CONVERSION = YES;
				CLANG_WARN_INFINITE_RECURSION = YES;
				CLANG_WARN_INT_CONVERSION = YES;
				CLANG_WARN_OBJC_ROOT_CLASS = YES_ERROR;
				CLANG_WARN_SUSPICIOUS_MOVE = YES;
				CLANG_WARN_UNREACHABLE_CODE = YES;
				CLANG_WARN__DUPLICATE_METHOD_MATCH = YES;
				"CODE_SIGN_IDENTITY[sdk=iphoneos*]" = "iPhone Developer";
				COPY_PHASE_STRIP = NO;
				DEBUG_INFORMATION_FORMAT = dwarf;
				ENABLE_STRICT_OBJC_MSGSEND = YES;
				ENABLE_TESTABILITY = YES;
				GCC_C_LANGUAGE_STANDARD = gnu99;
				GCC_DYNAMIC_NO_PIC = NO;
				GCC_NO_COMMON_BLOCKS = YES;
				GCC_OPTIMIZATION_LEVEL = 0;
				GCC_PREPROCESSOR_DEFINITIONS = (
					"DEBUG=1",
					"$(inherited)",
				);
				GCC_WARN_64_TO_32_BIT_CONVERSION = YES;
				GCC_WARN_ABOUT_RETURN_TYPE = YES_ERROR;
				GCC_WARN_UNDECLARED_SELECTOR = YES;
				GCC_WARN_UNINITIALIZED_AUTOS = YES_AGGRESSIVE;
				GCC_WARN_UNUSED_FUNCTION = YES;
				GCC_WARN_UNUSED_VARIABLE = YES;
				IPHONEOS_DEPLOYMENT_TARGET = 10.2;
				MTL_ENABLE_DEBUG_INFO = YES;
				ONLY_ACTIVE_ARCH = YES;
				SDKROOT = iphoneos;
				SWIFT_ACTIVE_COMPILATION_CONDITIONS = DEBUG;
				SWIFT_OPTIMIZATION_LEVEL = "-Onone";
			};
			name = Debug;
		};
		3FFB7F291E2ED01400DF5ACE /* Release */ = {
			isa = XCBuildConfiguration;
			buildSettings = {
				ALWAYS_SEARCH_USER_PATHS = NO;
				CLANG_ANALYZER_NONNULL = YES;
				CLANG_CXX_LANGUAGE_STANDARD = "gnu++0x";
				CLANG_CXX_LIBRARY = "libc++";
				CLANG_ENABLE_MODULES = YES;
				CLANG_ENABLE_OBJC_ARC = YES;
				CLANG_WARN_BOOL_CONVERSION = YES;
				CLANG_WARN_CONSTANT_CONVERSION = YES;
				CLANG_WARN_DIRECT_OBJC_ISA_USAGE = YES_ERROR;
				CLANG_WARN_DOCUMENTATION_COMMENTS = YES;
				CLANG_WARN_EMPTY_BODY = YES;
				CLANG_WARN_ENUM_CONVERSION = YES;
				CLANG_WARN_INFINITE_RECURSION = YES;
				CLANG_WARN_INT_CONVERSION = YES;
				CLANG_WARN_OBJC_ROOT_CLASS = YES_ERROR;
				CLANG_WARN_SUSPICIOUS_MOVE = YES;
				CLANG_WARN_UNREACHABLE_CODE = YES;
				CLANG_WARN__DUPLICATE_METHOD_MATCH = YES;
				"CODE_SIGN_IDENTITY[sdk=iphoneos*]" = "iPhone Developer";
				COPY_PHASE_STRIP = NO;
				DEBUG_INFORMATION_FORMAT = "dwarf-with-dsym";
				ENABLE_NS_ASSERTIONS = NO;
				ENABLE_STRICT_OBJC_MSGSEND = YES;
				GCC_C_LANGUAGE_STANDARD = gnu99;
				GCC_NO_COMMON_BLOCKS = YES;
				GCC_WARN_64_TO_32_BIT_CONVERSION = YES;
				GCC_WARN_ABOUT_RETURN_TYPE = YES_ERROR;
				GCC_WARN_UNDECLARED_SELECTOR = YES;
				GCC_WARN_UNINITIALIZED_AUTOS = YES_AGGRESSIVE;
				GCC_WARN_UNUSED_FUNCTION = YES;
				GCC_WARN_UNUSED_VARIABLE = YES;
				IPHONEOS_DEPLOYMENT_TARGET = 10.2;
				MTL_ENABLE_DEBUG_INFO = NO;
				SDKROOT = iphoneos;
				SWIFT_OPTIMIZATION_LEVEL = "-Owholemodule";
				VALIDATE_PRODUCT = YES;
			};
			name = Release;
		};
		3FFB7F2B1E2ED01400DF5ACE /* Debug */ = {
			isa = XCBuildConfiguration;
			buildSettings = {
				ASSETCATALOG_COMPILER_APPICON_NAME = AppIcon;
				CLANG_ENABLE_MODULES = YES;
				INFOPLIST_FILE = Coolness2/Info.plist;
				LD_RUNPATH_SEARCH_PATHS = "$(inherited) @executable_path/Frameworks";
				PRODUCT_BUNDLE_IDENTIFIER = com.aboutobjects.Coolness2;
				PRODUCT_NAME = "$(TARGET_NAME)";
				SWIFT_OPTIMIZATION_LEVEL = "-Onone";
				SWIFT_VERSION = 3.0;
			};
			name = Debug;
		};
		3FFB7F2C1E2ED01400DF5ACE /* Release */ = {
			isa = XCBuildConfiguration;
			buildSettings = {
				ASSETCATALOG_COMPILER_APPICON_NAME = AppIcon;
				CLANG_ENABLE_MODULES = YES;
				INFOPLIST_FILE = Coolness2/Info.plist;
				LD_RUNPATH_SEARCH_PATHS = "$(inherited) @executable_path/Frameworks";
				PRODUCT_BUNDLE_IDENTIFIER = com.aboutobjects.Coolness2;
				PRODUCT_NAME = "$(TARGET_NAME)";
				SWIFT_VERSION = 3.0;
			};
			name = Release;
		};
/* End XCBuildConfiguration section */

/* Begin XCConfigurationList section */
		3FFB7F131E2ED01400DF5ACE /* Build configuration list for PBXProject "Coolness2" */ = {
			isa = XCConfigurationList;
			buildConfigurations = (
				3FFB7F281E2ED01400DF5ACE /* Debug */,
				3FFB7F291E2ED01400DF5ACE /* Release */,
			);
			defaultConfigurationIsVisible = 0;
			defaultConfigurationName = Release;
		};
		3FFB7F2A1E2ED01400DF5ACE /* Build configuration list for PBXNativeTarget "Coolness2" */ = {
			isa = XCConfigurationList;
			buildConfigurations = (
				3FFB7F2B1E2ED01400DF5ACE /* Debug */,
				3FFB7F2C1E2ED01400DF5ACE /* Release */,
			);
			defaultConfigurationIsVisible = 0;
		};
/* End XCConfigurationList section */
	};
	rootObject = 3FFB7F101E2ED01400DF5ACE /* Project object */;
}
