// !$*UTF8*$!
{
	archiveVersion = 1;
	classes = {
	};
	objectVersion = 46;
	objects = {

/* Begin PBXBuildFile section */
		3F06B25B1E314C4800503EDC /* AddBook.storyboard in Resources */ = {isa = PBXBuildFile; fileRef = 3F06B25A1E314C4800503EDC /* AddBook.storyboard */; };
		3F06B25D1E314D3C00503EDC /* EditBook.storyboard in Resources */ = {isa = PBXBuildFile; fileRef = 3F06B25C1E314D3C00503EDC /* EditBook.storyboard */; };
		3F06B2781E3151A700503EDC /* Author.swift in Sources */ = {isa = PBXBuildFile; fileRef = 3F06B25F1E3151A700503EDC /* Author.swift */; };
		3F06B2791E3151A700503EDC /* Book.swift in Sources */ = {isa = PBXBuildFile; fileRef = 3F06B2601E3151A700503EDC /* Book.swift */; };
		3F06B27A1E3151A700503EDC /* BooksAndAuthors.plist in Resources */ = {isa = PBXBuildFile; fileRef = 3F06B2611E3151A700503EDC /* BooksAndAuthors.plist */; };
		3F06B27B1E3151A700503EDC /* Austen.png in Resources */ = {isa = PBXBuildFile; fileRef = 3F06B2631E3151A700503EDC /* Austen.png */; };
		3F06B27C1E3151A700503EDC /* Bacon.png in Resources */ = {isa = PBXBuildFile; fileRef = 3F06B2641E3151A700503EDC /* Bacon.png */; };
		3F06B27D1E3151A700503EDC /* Carroll.png in Resources */ = {isa = PBXBuildFile; fileRef = 3F06B2651E3151A700503EDC /* Carroll.png */; };
		3F06B27E1E3151A700503EDC /* Dostoevsky.png in Resources */ = {isa = PBXBuildFile; fileRef = 3F06B2661E3151A700503EDC /* Dostoevsky.png */; };
		3F06B27F1E3151A700503EDC /* Eliot.png in Resources */ = {isa = PBXBuildFile; fileRef = 3F06B2671E3151A700503EDC /* Eliot.png */; };
		3F06B2801E3151A700503EDC /* Emerson.png in Resources */ = {isa = PBXBuildFile; fileRef = 3F06B2681E3151A700503EDC /* Emerson.png */; };
		3F06B2811E3151A700503EDC /* Hemingway.png in Resources */ = {isa = PBXBuildFile; fileRef = 3F06B2691E3151A700503EDC /* Hemingway.png */; };
		3F06B2821E3151A700503EDC /* Milne.png in Resources */ = {isa = PBXBuildFile; fileRef = 3F06B26A1E3151A700503EDC /* Milne.png */; };
		3F06B2831E3151A700503EDC /* More.png in Resources */ = {isa = PBXBuildFile; fileRef = 3F06B26B1E3151A700503EDC /* More.png */; };
		3F06B2841E3151A700503EDC /* Newton.png in Resources */ = {isa = PBXBuildFile; fileRef = 3F06B26C1E3151A700503EDC /* Newton.png */; };
		3F06B2851E3151A700503EDC /* NoImage.png in Resources */ = {isa = PBXBuildFile; fileRef = 3F06B26D1E3151A700503EDC /* NoImage.png */; };
		3F06B2861E3151A700503EDC /* Shakespeare.png in Resources */ = {isa = PBXBuildFile; fileRef = 3F06B26E1E3151A700503EDC /* Shakespeare.png */; };
		3F06B2871E3151A700503EDC /* Thoreau.jpg in Resources */ = {isa = PBXBuildFile; fileRef = 3F06B26F1E3151A700503EDC /* Thoreau.jpg */; };
		3F06B2881E3151A700503EDC /* Tolstoy.png in Resources */ = {isa = PBXBuildFile; fileRef = 3F06B2701E3151A700503EDC /* Tolstoy.png */; };
		3F06B2891E3151A700503EDC /* Twain.png in Resources */ = {isa = PBXBuildFile; fileRef = 3F06B2711E3151A700503EDC /* Twain.png */; };
		3F06B28A1E3151A700503EDC /* Wells.png in Resources */ = {isa = PBXBuildFile; fileRef = 3F06B2721E3151A700503EDC /* Wells.png */; };
		3F06B28B1E3151A700503EDC /* Whitman.png in Resources */ = {isa = PBXBuildFile; fileRef = 3F06B2731E3151A700503EDC /* Whitman.png */; };
		3F06B28C1E3151A700503EDC /* ModelObject.swift in Sources */ = {isa = PBXBuildFile; fileRef = 3F06B2741E3151A700503EDC /* ModelObject.swift */; };
		3F06B28D1E3151A700503EDC /* ReadingList.swift in Sources */ = {isa = PBXBuildFile; fileRef = 3F06B2751E3151A700503EDC /* ReadingList.swift */; };
		3F06B28E1E3151A700503EDC /* ReadingListStore.swift in Sources */ = {isa = PBXBuildFile; fileRef = 3F06B2771E3151A700503EDC /* ReadingListStore.swift */; };
		3F06B2921E317E3F00503EDC /* BookDetailController.swift in Sources */ = {isa = PBXBuildFile; fileRef = 3F06B2911E317E3F00503EDC /* BookDetailController.swift */; };
		3F06B2941E325CEE00503EDC /* EditBookController.swift in Sources */ = {isa = PBXBuildFile; fileRef = 3F06B2931E325CEE00503EDC /* EditBookController.swift */; };
		3F06B2961E32679900503EDC /* Extensions.swift in Sources */ = {isa = PBXBuildFile; fileRef = 3F06B2951E32679900503EDC /* Extensions.swift */; };
		3F06B2981E328C2100503EDC /* AddBookController.swift in Sources */ = {isa = PBXBuildFile; fileRef = 3F06B2971E328C2100503EDC /* AddBookController.swift */; };
		3F7359CF1E30318B007042D1 /* ReadingListController.swift in Sources */ = {isa = PBXBuildFile; fileRef = 3F7359CE1E30318B007042D1 /* ReadingListController.swift */; };
		3F7359D11E3108A7007042D1 /* MyMain.storyboard in Resources */ = {isa = PBXBuildFile; fileRef = 3F7359D01E3108A7007042D1 /* MyMain.storyboard */; };
		3FBB3FE81E300ED900673035 /* AppDelegate.swift in Sources */ = {isa = PBXBuildFile; fileRef = 3FBB3FE71E300ED900673035 /* AppDelegate.swift */; };
		3FBB3FED1E300ED900673035 /* Main.storyboard in Resources */ = {isa = PBXBuildFile; fileRef = 3FBB3FEB1E300ED900673035 /* Main.storyboard */; };
		3FBB3FEF1E300ED900673035 /* Assets.xcassets in Resources */ = {isa = PBXBuildFile; fileRef = 3FBB3FEE1E300ED900673035 /* Assets.xcassets */; };
		3FBB3FF21E300ED900673035 /* LaunchScreen.storyboard in Resources */ = {isa = PBXBuildFile; fileRef = 3FBB3FF01E300ED900673035 /* LaunchScreen.storyboard */; };
		3FBB3FFD1E300ED900673035 /* ReadingListTests.swift in Sources */ = {isa = PBXBuildFile; fileRef = 3FBB3FFC1E300ED900673035 /* ReadingListTests.swift */; };
/* End PBXBuildFile section */

/* Begin PBXContainerItemProxy section */
		3FBB3FF91E300ED900673035 /* PBXContainerItemProxy */ = {
			isa = PBXContainerItemProxy;
			containerPortal = 3FBB3FDC1E300ED800673035 /* Project object */;
			proxyType = 1;
			remoteGlobalIDString = 3FBB3FE31E300ED800673035;
			remoteInfo = ReadingList;
		};
/* End PBXContainerItemProxy section */

/* Begin PBXFileReference section */
		3F06B25A1E314C4800503EDC /* AddBook.storyboard */ = {isa = PBXFileReference; fileEncoding = 4; lastKnownFileType = file.storyboard; path = AddBook.storyboard; sourceTree = "<group>"; };
		3F06B25C1E314D3C00503EDC /* EditBook.storyboard */ = {isa = PBXFileReference; fileEncoding = 4; lastKnownFileType = file.storyboard; path = EditBook.storyboard; sourceTree = "<group>"; };
		3F06B25F1E3151A700503EDC /* Author.swift */ = {isa = PBXFileReference; fileEncoding = 4; lastKnownFileType = sourcecode.swift; path = Author.swift; sourceTree = "<group>"; };
		3F06B2601E3151A700503EDC /* Book.swift */ = {isa = PBXFileReference; fileEncoding = 4; lastKnownFileType = sourcecode.swift; path = Book.swift; sourceTree = "<group>"; };
		3F06B2611E3151A700503EDC /* BooksAndAuthors.plist */ = {isa = PBXFileReference; lastKnownFileType = text.plist; path = BooksAndAuthors.plist; sourceTree = "<group>"; };
		3F06B2631E3151A700503EDC /* Austen.png */ = {isa = PBXFileReference; lastKnownFileType = image.png; path = Austen.png; sourceTree = "<group>"; };
		3F06B2641E3151A700503EDC /* Bacon.png */ = {isa = PBXFileReference; lastKnownFileType = image.png; path = Bacon.png; sourceTree = "<group>"; };
		3F06B2651E3151A700503EDC /* Carroll.png */ = {isa = PBXFileReference; lastKnownFileType = image.png; path = Carroll.png; sourceTree = "<group>"; };
		3F06B2661E3151A700503EDC /* Dostoevsky.png */ = {isa = PBXFileReference; lastKnownFileType = image.png; path = Dostoevsky.png; sourceTree = "<group>"; };
		3F06B2671E3151A700503EDC /* Eliot.png */ = {isa = PBXFileReference; lastKnownFileType = image.png; path = Eliot.png; sourceTree = "<group>"; };
		3F06B2681E3151A700503EDC /* Emerson.png */ = {isa = PBXFileReference; lastKnownFileType = image.png; path = Emerson.png; sourceTree = "<group>"; };
		3F06B2691E3151A700503EDC /* Hemingway.png */ = {isa = PBXFileReference; lastKnownFileType = image.png; path = Hemingway.png; sourceTree = "<group>"; };
		3F06B26A1E3151A700503EDC /* Milne.png */ = {isa = PBXFileReference; lastKnownFileType = image.png; path = Milne.png; sourceTree = "<group>"; };
		3F06B26B1E3151A700503EDC /* More.png */ = {isa = PBXFileReference; lastKnownFileType = image.png; path = More.png; sourceTree = "<group>"; };
		3F06B26C1E3151A700503EDC /* Newton.png */ = {isa = PBXFileReference; lastKnownFileType = image.png; path = Newton.png; sourceTree = "<group>"; };
		3F06B26D1E3151A700503EDC /* NoImage.png */ = {isa = PBXFileReference; lastKnownFileType = image.png; path = NoImage.png; sourceTree = "<group>"; };
		3F06B26E1E3151A700503EDC /* Shakespeare.png */ = {isa = PBXFileReference; lastKnownFileType = image.png; path = Shakespeare.png; sourceTree = "<group>"; };
		3F06B26F1E3151A700503EDC /* Thoreau.jpg */ = {isa = PBXFileReference; lastKnownFileType = image.jpeg; path = Thoreau.jpg; sourceTree = "<group>"; };
		3F06B2701E3151A700503EDC /* Tolstoy.png */ = {isa = PBXFileReference; lastKnownFileType = image.png; path = Tolstoy.png; sourceTree = "<group>"; };
		3F06B2711E3151A700503EDC /* Twain.png */ = {isa = PBXFileReference; lastKnownFileType = image.png; path = Twain.png; sourceTree = "<group>"; };
		3F06B2721E3151A700503EDC /* Wells.png */ = {isa = PBXFileReference; lastKnownFileType = image.png; path = Wells.png; sourceTree = "<group>"; };
		3F06B2731E3151A700503EDC /* Whitman.png */ = {isa = PBXFileReference; lastKnownFileType = image.png; path = Whitman.png; sourceTree = "<group>"; };
		3F06B2741E3151A700503EDC /* ModelObject.swift */ = {isa = PBXFileReference; fileEncoding = 4; lastKnownFileType = sourcecode.swift; path = ModelObject.swift; sourceTree = "<group>"; };
		3F06B2751E3151A700503EDC /* ReadingList.swift */ = {isa = PBXFileReference; fileEncoding = 4; lastKnownFileType = sourcecode.swift; path = ReadingList.swift; sourceTree = "<group>"; };
		3F06B2761E3151A700503EDC /* ReadingListModel.h */ = {isa = PBXFileReference; fileEncoding = 4; lastKnownFileType = sourcecode.c.h; path = ReadingListModel.h; sourceTree = "<group>"; };
		3F06B2771E3151A700503EDC /* ReadingListStore.swift */ = {isa = PBXFileReference; fileEncoding = 4; lastKnownFileType = sourcecode.swift; path = ReadingListStore.swift; sourceTree = "<group>"; };
		3F06B2911E317E3F00503EDC /* BookDetailController.swift */ = {isa = PBXFileReference; fileEncoding = 4; lastKnownFileType = sourcecode.swift; path = BookDetailController.swift; sourceTree = "<group>"; };
		3F06B2931E325CEE00503EDC /* EditBookController.swift */ = {isa = PBXFileReference; fileEncoding = 4; lastKnownFileType = sourcecode.swift; path = EditBookController.swift; sourceTree = "<group>"; };
		3F06B2951E32679900503EDC /* Extensions.swift */ = {isa = PBXFileReference; fileEncoding = 4; lastKnownFileType = sourcecode.swift; path = Extensions.swift; sourceTree = "<group>"; };
		3F06B2971E328C2100503EDC /* AddBookController.swift */ = {isa = PBXFileReference; fileEncoding = 4; lastKnownFileType = sourcecode.swift; path = AddBookController.swift; sourceTree = "<group>"; };
		3F7359CE1E30318B007042D1 /* ReadingListController.swift */ = {isa = PBXFileReference; fileEncoding = 4; lastKnownFileType = sourcecode.swift; path = ReadingListController.swift; sourceTree = "<group>"; };
		3F7359D01E3108A7007042D1 /* MyMain.storyboard */ = {isa = PBXFileReference; fileEncoding = 4; lastKnownFileType = file.storyboard; path = MyMain.storyboard; sourceTree = "<group>"; };
		3FBB3FE41E300ED900673035 /* ReadingList.app */ = {isa = PBXFileReference; explicitFileType = wrapper.application; includeInIndex = 0; path = ReadingList.app; sourceTree = BUILT_PRODUCTS_DIR; };
		3FBB3FE71E300ED900673035 /* AppDelegate.swift */ = {isa = PBXFileReference; lastKnownFileType = sourcecode.swift; path = AppDelegate.swift; sourceTree = "<group>"; };
		3FBB3FEC1E300ED900673035 /* Base */ = {isa = PBXFileReference; lastKnownFileType = file.storyboard; name = Base; path = Base.lproj/Main.storyboard; sourceTree = "<group>"; };
		3FBB3FEE1E300ED900673035 /* Assets.xcassets */ = {isa = PBXFileReference; lastKnownFileType = folder.assetcatalog; path = Assets.xcassets; sourceTree = "<group>"; };
		3FBB3FF11E300ED900673035 /* Base */ = {isa = PBXFileReference; lastKnownFileType = file.storyboard; name = Base; path = Base.lproj/LaunchScreen.storyboard; sourceTree = "<group>"; };
		3FBB3FF31E300ED900673035 /* Info.plist */ = {isa = PBXFileReference; lastKnownFileType = text.plist.xml; path = Info.plist; sourceTree = "<group>"; };
		3FBB3FF81E300ED900673035 /* ReadingListTests.xctest */ = {isa = PBXFileReference; explicitFileType = wrapper.cfbundle; includeInIndex = 0; path = ReadingListTests.xctest; sourceTree = BUILT_PRODUCTS_DIR; };
		3FBB3FFC1E300ED900673035 /* ReadingListTests.swift */ = {isa = PBXFileReference; lastKnownFileType = sourcecode.swift; path = ReadingListTests.swift; sourceTree = "<group>"; };
		3FBB3FFE1E300ED900673035 /* Info.plist */ = {isa = PBXFileReference; lastKnownFileType = text.plist.xml; path = Info.plist; sourceTree = "<group>"; };
/* End PBXFileReference section */

/* Begin PBXFrameworksBuildPhase section */
		3FBB3FE11E300ED800673035 /* Frameworks */ = {
			isa = PBXFrameworksBuildPhase;
			buildActionMask = 2147483647;
			files = (
			);
			runOnlyForDeploymentPostprocessing = 0;
		};
		3FBB3FF51E300ED900673035 /* Frameworks */ = {
			isa = PBXFrameworksBuildPhase;
			buildActionMask = 2147483647;
			files = (
			);
			runOnlyForDeploymentPostprocessing = 0;
		};
/* End PBXFrameworksBuildPhase section */

/* Begin PBXGroup section */
		3F06B25E1E3151A700503EDC /* ReadingListModel */ = {
			isa = PBXGroup;
			children = (
				3F06B25F1E3151A700503EDC /* Author.swift */,
				3F06B2601E3151A700503EDC /* Book.swift */,
				3F06B2611E3151A700503EDC /* BooksAndAuthors.plist */,
				3F06B2621E3151A700503EDC /* Images */,
				3F06B2741E3151A700503EDC /* ModelObject.swift */,
				3F06B2751E3151A700503EDC /* ReadingList.swift */,
				3F06B2761E3151A700503EDC /* ReadingListModel.h */,
				3F06B2771E3151A700503EDC /* ReadingListStore.swift */,
			);
			path = ReadingListModel;
			sourceTree = "<group>";
		};
		3F06B2621E3151A700503EDC /* Images */ = {
			isa = PBXGroup;
			children = (
				3F06B2631E3151A700503EDC /* Austen.png */,
				3F06B2641E3151A700503EDC /* Bacon.png */,
				3F06B2651E3151A700503EDC /* Carroll.png */,
				3F06B2661E3151A700503EDC /* Dostoevsky.png */,
				3F06B2671E3151A700503EDC /* Eliot.png */,
				3F06B2681E3151A700503EDC /* Emerson.png */,
				3F06B2691E3151A700503EDC /* Hemingway.png */,
				3F06B26A1E3151A700503EDC /* Milne.png */,
				3F06B26B1E3151A700503EDC /* More.png */,
				3F06B26C1E3151A700503EDC /* Newton.png */,
				3F06B26D1E3151A700503EDC /* NoImage.png */,
				3F06B26E1E3151A700503EDC /* Shakespeare.png */,
				3F06B26F1E3151A700503EDC /* Thoreau.jpg */,
				3F06B2701E3151A700503EDC /* Tolstoy.png */,
				3F06B2711E3151A700503EDC /* Twain.png */,
				3F06B2721E3151A700503EDC /* Wells.png */,
				3F06B2731E3151A700503EDC /* Whitman.png */,
			);
			path = Images;
			sourceTree = "<group>";
		};
		3FBB3FDB1E300ED800673035 = {
			isa = PBXGroup;
			children = (
				3F06B25E1E3151A700503EDC /* ReadingListModel */,
				3FBB3FE61E300ED900673035 /* ReadingList */,
				3FBB3FFB1E300ED900673035 /* ReadingListTests */,
				3FBB3FE51E300ED900673035 /* Products */,
			);
			sourceTree = "<group>";
		};
		3FBB3FE51E300ED900673035 /* Products */ = {
			isa = PBXGroup;
			children = (
				3FBB3FE41E300ED900673035 /* ReadingList.app */,
				3FBB3FF81E300ED900673035 /* ReadingListTests.xctest */,
			);
			name = Products;
			sourceTree = "<group>";
		};
		3FBB3FE61E300ED900673035 /* ReadingList */ = {
			isa = PBXGroup;
			children = (
				3FBB3FE71E300ED900673035 /* AppDelegate.swift */,
				3F7359CE1E30318B007042D1 /* ReadingListController.swift */,
				3F06B2911E317E3F00503EDC /* BookDetailController.swift */,
				3F06B2931E325CEE00503EDC /* EditBookController.swift */,
				3F06B2971E328C2100503EDC /* AddBookController.swift */,
				3F06B2951E32679900503EDC /* Extensions.swift */,
				3F7359D01E3108A7007042D1 /* MyMain.storyboard */,
				3F06B25C1E314D3C00503EDC /* EditBook.storyboard */,
				3F06B25A1E314C4800503EDC /* AddBook.storyboard */,
				3FBB3FEB1E300ED900673035 /* Main.storyboard */,
				3FBB3FEE1E300ED900673035 /* Assets.xcassets */,
				3FBB3FF01E300ED900673035 /* LaunchScreen.storyboard */,
				3FBB3FF31E300ED900673035 /* Info.plist */,
			);
			path = ReadingList;
			sourceTree = "<group>";
		};
		3FBB3FFB1E300ED900673035 /* ReadingListTests */ = {
			isa = PBXGroup;
			children = (
				3FBB3FFC1E300ED900673035 /* ReadingListTests.swift */,
				3FBB3FFE1E300ED900673035 /* Info.plist */,
			);
			path = ReadingListTests;
			sourceTree = "<group>";
		};
/* End PBXGroup section */

/* Begin PBXNativeTarget section */
		3FBB3FE31E300ED800673035 /* ReadingList */ = {
			isa = PBXNativeTarget;
			buildConfigurationList = 3FBB40011E300ED900673035 /* Build configuration list for PBXNativeTarget "ReadingList" */;
			buildPhases = (
				3FBB3FE01E300ED800673035 /* Sources */,
				3FBB3FE11E300ED800673035 /* Frameworks */,
				3FBB3FE21E300ED800673035 /* Resources */,
			);
			buildRules = (
			);
			dependencies = (
			);
			name = ReadingList;
			productName = ReadingList;
			productReference = 3FBB3FE41E300ED900673035 /* ReadingList.app */;
			productType = "com.apple.product-type.application";
		};
		3FBB3FF71E300ED900673035 /* ReadingListTests */ = {
			isa = PBXNativeTarget;
			buildConfigurationList = 3FBB40041E300ED900673035 /* Build configuration list for PBXNativeTarget "ReadingListTests" */;
			buildPhases = (
				3FBB3FF41E300ED900673035 /* Sources */,
				3FBB3FF51E300ED900673035 /* Frameworks */,
				3FBB3FF61E300ED900673035 /* Resources */,
			);
			buildRules = (
			);
			dependencies = (
				3FBB3FFA1E300ED900673035 /* PBXTargetDependency */,
			);
			name = ReadingListTests;
			productName = ReadingListTests;
			productReference = 3FBB3FF81E300ED900673035 /* ReadingListTests.xctest */;
			productType = "com.apple.product-type.bundle.unit-test";
		};
/* End PBXNativeTarget section */

/* Begin PBXProject section */
		3FBB3FDC1E300ED800673035 /* Project object */ = {
			isa = PBXProject;
			attributes = {
				LastSwiftUpdateCheck = 0820;
				LastUpgradeCheck = 0820;
				ORGANIZATIONNAME = Student;
				TargetAttributes = {
					3FBB3FE31E300ED800673035 = {
						CreatedOnToolsVersion = 8.2.1;
						ProvisioningStyle = Automatic;
					};
					3FBB3FF71E300ED900673035 = {
						CreatedOnToolsVersion = 8.2.1;
						ProvisioningStyle = Automatic;
						TestTargetID = 3FBB3FE31E300ED800673035;
					};
				};
			};
			buildConfigurationList = 3FBB3FDF1E300ED800673035 /* Build configuration list for PBXProject "ReadingList" */;
			compatibilityVersion = "Xcode 3.2";
			developmentRegion = English;
			hasScannedForEncodings = 0;
			knownRegions = (
				en,
				Base,
			);
			mainGroup = 3FBB3FDB1E300ED800673035;
			productRefGroup = 3FBB3FE51E300ED900673035 /* Products */;
			projectDirPath = "";
			projectRoot = "";
			targets = (
				3FBB3FE31E300ED800673035 /* ReadingList */,
				3FBB3FF71E300ED900673035 /* ReadingListTests */,
			);
		};
/* End PBXProject section */

/* Begin PBXResourcesBuildPhase section */
		3FBB3FE21E300ED800673035 /* Resources */ = {
			isa = PBXResourcesBuildPhase;
			buildActionMask = 2147483647;
			files = (
				3F06B28A1E3151A700503EDC /* Wells.png in Resources */,
				3FBB3FF21E300ED900673035 /* LaunchScreen.storyboard in Resources */,
				3F7359D11E3108A7007042D1 /* MyMain.storyboard in Resources */,
				3F06B2841E3151A700503EDC /* Newton.png in Resources */,
				3F06B27E1E3151A700503EDC /* Dostoevsky.png in Resources */,
				3F06B2821E3151A700503EDC /* Milne.png in Resources */,
				3F06B2801E3151A700503EDC /* Emerson.png in Resources */,
				3FBB3FEF1E300ED900673035 /* Assets.xcassets in Resources */,
				3F06B25B1E314C4800503EDC /* AddBook.storyboard in Resources */,
				3FBB3FED1E300ED900673035 /* Main.storyboard in Resources */,
				3F06B27D1E3151A700503EDC /* Carroll.png in Resources */,
				3F06B2851E3151A700503EDC /* NoImage.png in Resources */,
				3F06B27B1E3151A700503EDC /* Austen.png in Resources */,
				3F06B25D1E314D3C00503EDC /* EditBook.storyboard in Resources */,
				3F06B28B1E3151A700503EDC /* Whitman.png in Resources */,
				3F06B2891E3151A700503EDC /* Twain.png in Resources */,
				3F06B2881E3151A700503EDC /* Tolstoy.png in Resources */,
				3F06B27F1E3151A700503EDC /* Eliot.png in Resources */,
				3F06B2871E3151A700503EDC /* Thoreau.jpg in Resources */,
				3F06B2811E3151A700503EDC /* Hemingway.png in Resources */,
				3F06B2861E3151A700503EDC /* Shakespeare.png in Resources */,
				3F06B27C1E3151A700503EDC /* Bacon.png in Resources */,
				3F06B2831E3151A700503EDC /* More.png in Resources */,
				3F06B27A1E3151A700503EDC /* BooksAndAuthors.plist in Resources */,
			);
			runOnlyForDeploymentPostprocessing = 0;
		};
		3FBB3FF61E300ED900673035 /* Resources */ = {
			isa = PBXResourcesBuildPhase;
			buildActionMask = 2147483647;
			files = (
			);
			runOnlyForDeploymentPostprocessing = 0;
		};
/* End PBXResourcesBuildPhase section */

/* Begin PBXSourcesBuildPhase section */
		3FBB3FE01E300ED800673035 /* Sources */ = {
			isa = PBXSourcesBuildPhase;
			buildActionMask = 2147483647;
			files = (
				3F06B2791E3151A700503EDC /* Book.swift in Sources */,
				3F06B28E1E3151A700503EDC /* ReadingListStore.swift in Sources */,
				3F06B2781E3151A700503EDC /* Author.swift in Sources */,
				3F06B28D1E3151A700503EDC /* ReadingList.swift in Sources */,
				3F7359CF1E30318B007042D1 /* ReadingListController.swift in Sources */,
				3F06B2961E32679900503EDC /* Extensions.swift in Sources */,
				3F06B28C1E3151A700503EDC /* ModelObject.swift in Sources */,
				3FBB3FE81E300ED900673035 /* AppDelegate.swift in Sources */,
				3F06B2981E328C2100503EDC /* AddBookController.swift in Sources */,
				3F06B2941E325CEE00503EDC /* EditBookController.swift in Sources */,
				3F06B2921E317E3F00503EDC /* BookDetailController.swift in Sources */,
			);
			runOnlyForDeploymentPostprocessing = 0;
		};
		3FBB3FF41E300ED900673035 /* Sources */ = {
			isa = PBXSourcesBuildPhase;
			buildActionMask = 2147483647;
			files = (
				3FBB3FFD1E300ED900673035 /* ReadingListTests.swift in Sources */,
			);
			runOnlyForDeploymentPostprocessing = 0;
		};
/* End PBXSourcesBuildPhase section */

/* Begin PBXTargetDependency section */
		3FBB3FFA1E300ED900673035 /* PBXTargetDependency */ = {
			isa = PBXTargetDependency;
			target = 3FBB3FE31E300ED800673035 /* ReadingList */;
			targetProxy = 3FBB3FF91E300ED900673035 /* PBXContainerItemProxy */;
		};
/* End PBXTargetDependency section */

/* Begin PBXVariantGroup section */
		3FBB3FEB1E300ED900673035 /* Main.storyboard */ = {
			isa = PBXVariantGroup;
			children = (
				3FBB3FEC1E300ED900673035 /* Base */,
			);
			name = Main.storyboard;
			sourceTree = "<group>";
		};
		3FBB3FF01E300ED900673035 /* LaunchScreen.storyboard */ = {
			isa = PBXVariantGroup;
			children = (
				3FBB3FF11E300ED900673035 /* Base */,
			);
			name = LaunchScreen.storyboard;
			sourceTree = "<group>";
		};
/* End PBXVariantGroup section */

/* Begin XCBuildConfiguration section */
		3FBB3FFF1E300ED900673035 /* Debug */ = {
			isa = XCBuildConfiguration;
			buildSettings = {
				ALWAYS_SEARCH_USER_PATHS = NO;
				CLANG_ANALYZER_NONNULL = YES;
				CLANG_CXX_LANGUAGE_STANDARD = "gnu++0x";
				CLANG_CXX_LIBRARY = "libc++";
				CLANG_ENABLE_MODULES = YES;
				CLANG_ENABLE_OBJC_ARC = YES;
				CLANG_WARN_BOOL_CONVERSION = YES;
				CLANG_WARN_CONSTANT_CONVERSION = YES;
				CLANG_WARN_DIRECT_OBJC_ISA_USAGE = YES_ERROR;
				CLANG_WARN_DOCUMENTATION_COMMENTS = YES;
				CLANG_WARN_EMPTY_BODY = YES;
				CLANG_WARN_ENUM_CONVERSION = YES;
				CLANG_WARN_INFINITE_RECURSION = YES;
				CLANG_WARN_INT_CONVERSION = YES;
				CLANG_WARN_OBJC_ROOT_CLASS = YES_ERROR;
				CLANG_WARN_SUSPICIOUS_MOVE = YES;
				CLANG_WARN_UNREACHABLE_CODE = YES;
				CLANG_WARN__DUPLICATE_METHOD_MATCH = YES;
				"CODE_SIGN_IDENTITY[sdk=iphoneos*]" = "iPhone Developer";
				COPY_PHASE_STRIP = NO;
				DEBUG_INFORMATION_FORMAT = dwarf;
				ENABLE_STRICT_OBJC_MSGSEND = YES;
				ENABLE_TESTABILITY = YES;
				GCC_C_LANGUAGE_STANDARD = gnu99;
				GCC_DYNAMIC_NO_PIC = NO;
				GCC_NO_COMMON_BLOCKS = YES;
				GCC_OPTIMIZATION_LEVEL = 0;
				GCC_PREPROCESSOR_DEFINITIONS = (
					"DEBUG=1",
					"$(inherited)",
				);
				GCC_WARN_64_TO_32_BIT_CONVERSION = YES;
				GCC_WARN_ABOUT_RETURN_TYPE = YES_ERROR;
				GCC_WARN_UNDECLARED_SELECTOR = YES;
				GCC_WARN_UNINITIALIZED_AUTOS = YES_AGGRESSIVE;
				GCC_WARN_UNUSED_FUNCTION = YES;
				GCC_WARN_UNUSED_VARIABLE = YES;
				IPHONEOS_DEPLOYMENT_TARGET = 10.2;
				MTL_ENABLE_DEBUG_INFO = YES;
				ONLY_ACTIVE_ARCH = YES;
				SDKROOT = iphoneos;
				SWIFT_ACTIVE_COMPILATION_CONDITIONS = DEBUG;
				SWIFT_OPTIMIZATION_LEVEL = "-Onone";
			};
			name = Debug;
		};
		3FBB40001E300ED900673035 /* Release */ = {
			isa = XCBuildConfiguration;
			buildSettings = {
				ALWAYS_SEARCH_USER_PATHS = NO;
				CLANG_ANALYZER_NONNULL = YES;
				CLANG_CXX_LANGUAGE_STANDARD = "gnu++0x";
				CLANG_CXX_LIBRARY = "libc++";
				CLANG_ENABLE_MODULES = YES;
				CLANG_ENABLE_OBJC_ARC = YES;
				CLANG_WARN_BOOL_CONVERSION = YES;
				CLANG_WARN_CONSTANT_CONVERSION = YES;
				CLANG_WARN_DIRECT_OBJC_ISA_USAGE = YES_ERROR;
				CLANG_WARN_DOCUMENTATION_COMMENTS = YES;
				CLANG_WARN_EMPTY_BODY = YES;
				CLANG_WARN_ENUM_CONVERSION = YES;
				CLANG_WARN_INFINITE_RECURSION = YES;
				CLANG_WARN_INT_CONVERSION = YES;
				CLANG_WARN_OBJC_ROOT_CLASS = YES_ERROR;
				CLANG_WARN_SUSPICIOUS_MOVE = YES;
				CLANG_WARN_UNREACHABLE_CODE = YES;
				CLANG_WARN__DUPLICATE_METHOD_MATCH = YES;
				"CODE_SIGN_IDENTITY[sdk=iphoneos*]" = "iPhone Developer";
				COPY_PHASE_STRIP = NO;
				DEBUG_INFORMATION_FORMAT = "dwarf-with-dsym";
				ENABLE_NS_ASSERTIONS = NO;
				ENABLE_STRICT_OBJC_MSGSEND = YES;
				GCC_C_LANGUAGE_STANDARD = gnu99;
				GCC_NO_COMMON_BLOCKS = YES;
				GCC_WARN_64_TO_32_BIT_CONVERSION = YES;
				GCC_WARN_ABOUT_RETURN_TYPE = YES_ERROR;
				GCC_WARN_UNDECLARED_SELECTOR = YES;
				GCC_WARN_UNINITIALIZED_AUTOS = YES_AGGRESSIVE;
				GCC_WARN_UNUSED_FUNCTION = YES;
				GCC_WARN_UNUSED_VARIABLE = YES;
				IPHONEOS_DEPLOYMENT_TARGET = 10.2;
				MTL_ENABLE_DEBUG_INFO = NO;
				SDKROOT = iphoneos;
				SWIFT_OPTIMIZATION_LEVEL = "-Owholemodule";
				VALIDATE_PRODUCT = YES;
			};
			name = Release;
		};
		3FBB40021E300ED900673035 /* Debug */ = {
			isa = XCBuildConfiguration;
			buildSettings = {
				ASSETCATALOG_COMPILER_APPICON_NAME = AppIcon;
				INFOPLIST_FILE = ReadingList/Info.plist;
				LD_RUNPATH_SEARCH_PATHS = "$(inherited) @executable_path/Frameworks";
				PRODUCT_BUNDLE_IDENTIFIER = com.aboutobjects.ReadingList;
				PRODUCT_NAME = "$(TARGET_NAME)";
				SWIFT_VERSION = 3.0;
			};
			name = Debug;
		};
		3FBB40031E300ED900673035 /* Release */ = {
			isa = XCBuildConfiguration;
			buildSettings = {
				ASSETCATALOG_COMPILER_APPICON_NAME = AppIcon;
				INFOPLIST_FILE = ReadingList/Info.plist;
				LD_RUNPATH_SEARCH_PATHS = "$(inherited) @executable_path/Frameworks";
				PRODUCT_BUNDLE_IDENTIFIER = com.aboutobjects.ReadingList;
				PRODUCT_NAME = "$(TARGET_NAME)";
				SWIFT_VERSION = 3.0;
			};
			name = Release;
		};
		3FBB40051E300ED900673035 /* Debug */ = {
			isa = XCBuildConfiguration;
			buildSettings = {
				ALWAYS_EMBED_SWIFT_STANDARD_LIBRARIES = YES;
				BUNDLE_LOADER = "$(TEST_HOST)";
				INFOPLIST_FILE = ReadingListTests/Info.plist;
				LD_RUNPATH_SEARCH_PATHS = "$(inherited) @executable_path/Frameworks @loader_path/Frameworks";
				PRODUCT_BUNDLE_IDENTIFIER = com.aboutobjects.ReadingListTests;
				PRODUCT_NAME = "$(TARGET_NAME)";
				SWIFT_VERSION = 3.0;
				TEST_HOST = "$(BUILT_PRODUCTS_DIR)/ReadingList.app/ReadingList";
			};
			name = Debug;
		};
		3FBB40061E300ED900673035 /* Release */ = {
			isa = XCBuildConfiguration;
			buildSettings = {
				ALWAYS_EMBED_SWIFT_STANDARD_LIBRARIES = YES;
				BUNDLE_LOADER = "$(TEST_HOST)";
				INFOPLIST_FILE = ReadingListTests/Info.plist;
				LD_RUNPATH_SEARCH_PATHS = "$(inherited) @executable_path/Frameworks @loader_path/Frameworks";
				PRODUCT_BUNDLE_IDENTIFIER = com.aboutobjects.ReadingListTests;
				PRODUCT_NAME = "$(TARGET_NAME)";
				SWIFT_VERSION = 3.0;
				TEST_HOST = "$(BUILT_PRODUCTS_DIR)/ReadingList.app/ReadingList";
			};
			name = Release;
		};
/* End XCBuildConfiguration section */

/* Begin XCConfigurationList section */
		3FBB3FDF1E300ED800673035 /* Build configuration list for PBXProject "ReadingList" */ = {
			isa = XCConfigurationList;
			buildConfigurations = (
				3FBB3FFF1E300ED900673035 /* Debug */,
				3FBB40001E300ED900673035 /* Release */,
			);
			defaultConfigurationIsVisible = 0;
			defaultConfigurationName = Release;
		};
		3FBB40011E300ED900673035 /* Build configuration list for PBXNativeTarget "ReadingList" */ = {
			isa = XCConfigurationList;
			buildConfigurations = (
				3FBB40021E300ED900673035 /* Debug */,
				3FBB40031E300ED900673035 /* Release */,
			);
			defaultConfigurationIsVisible = 0;
			defaultConfigurationName = Release;
		};
		3FBB40041E300ED900673035 /* Build configuration list for PBXNativeTarget "ReadingListTests" */ = {
			isa = XCConfigurationList;
			buildConfigurations = (
				3FBB40051E300ED900673035 /* Debug */,
				3FBB40061E300ED900673035 /* Release */,
			);
			defaultConfigurationIsVisible = 0;
			defaultConfigurationName = Release;
		};
/* End XCConfigurationList section */
	};
	rootObject = 3FBB3FDC1E300ED800673035 /* Project object */;
}
